
Microsoft Visual Studio Solution File, Format Version 12.00
# Visual Studio Version 17
VisualStudioVersion = 17.3.32825.248
MinimumVisualStudioVersion = 10.0.40219.1
Project("{FAE04EC0-301F-11D3-BF4B-00C04F79EFBC}") = "Platformer Tutorial Monogame", "Platformer Tutorial Monogame.csproj", "{4DD5A886-F4A0-4DBC-BF65-09798981C8BC}"
EndProject
Global
	GlobalSection(SolutionConfigurationPlatforms) = preSolution
		Debug|Any CPU = Debug|Any CPU
		Release|Any CPU = Release|Any CPU
	EndGlobalSection
	GlobalSection(ProjectConfigurationPlatforms) = postSolution
		{4DD5A886-F4A0-4DBC-BF65-09798981C8BC}.Debug|Any CPU.ActiveCfg = Debug|Any CPU
		{4DD5A886-F4A0-4DBC-BF65-09798981C8BC}.Debug|Any CPU.Build.0 = Debug|Any CPU
		{4DD5A886-F4A0-4DBC-BF65-09798981C8BC}.Release|Any CPU.ActiveCfg = Release|Any CPU
		{4DD5A886-F4A0-4DBC-BF65-09798981C8BC}.Release|Any CPU.Build.0 = Release|Any CPU
	EndGlobalSection
	GlobalSection(SolutionProperties) = preSolution
		HideSolutionNode = FALSE
	EndGlobalSection
	GlobalSection(ExtensibilityGlobals) = postSolution
		SolutionGuid = {01BDEFD7-1BD2-48CD-AC47-BCB5152102C6}
	EndGlobalSection
EndGlobal
